
Microsoft Visual Studio Solution File, Format Version 12.00
# Visual Studio Version 17
VisualStudioVersion = 17.2.32526.322
MinimumVisualStudioVersion = 10.0.40219.1
Project("{FAE04EC0-301F-11D3-BF4B-00C04F79EFBC}") = "CSTrainingGPUExamples", "CSTrainingGPUExamples\CSTrainingGPUExamples.csproj", "{507F0B82-4568-4AFE-9754-5E46A2EE41CD}"
EndProject
Global
	GlobalSection(SolutionConfigurationPlatforms) = preSolution
		Debug|x64 = Debug|x64
		Release|x64 = Release|x64
	EndGlobalSection
	GlobalSection(ProjectConfigurationPlatforms) = postSolution
		{507F0B82-4568-4AFE-9754-5E46A2EE41CD}.Debug|x64.ActiveCfg = Debug|x64
		{507F0B82-4568-4AFE-9754-5E46A2EE41CD}.Debug|x64.Build.0 = Debug|x64
		{507F0B82-4568-4AFE-9754-5E46A2EE41CD}.Release|x64.ActiveCfg = Release|x64
		{507F0B82-4568-4AFE-9754-5E46A2EE41CD}.Release|x64.Build.0 = Release|x64
	EndGlobalSection
	GlobalSection(SolutionProperties) = preSolution
		HideSolutionNode = FALSE
	EndGlobalSection
	GlobalSection(ExtensibilityGlobals) = postSolution
		SolutionGuid = {B2A76B5B-1917-4D8F-8CE7-0C917F30B181}
	EndGlobalSection
EndGlobal
